<?xml version="1.0" encoding="utf-8"?>
<Project ToolsVersion="4.0" xmlns="http://schemas.microsoft.com/developer/msbuild/2003">
  <ItemGroup>
    <Filter Include="win32">
      <UniqueIdentifier>{84a8ebd7-7cf0-47f6-b75e-d441df67da40}</UniqueIdentifier>
    </Filter>
    <Filter Include="resource">
      <UniqueIdentifier>{715254bc-d70b-4ec5-bf29-467dd3ace079}</UniqueIdentifier>
    </Filter>
    <Filter Include="src">
      <UniqueIdentifier>{bb6c862e-70e9-49d9-81b7-3829a6f50471}</UniqueIdentifier>
    </Filter>
    <Filter Include="src\Engine">
      <UniqueIdentifier>{3ae6f3b2-4a76-4242-8b11-8df4701ab8e9}</UniqueIdentifier>
    </Filter>
    <Filter Include="src\Globals">
      <UniqueIdentifier>{1c556438-d0a8-4ef1-b4f4-300719a2a944}</UniqueIdentifier>
    </Filter>
    <Filter Include="src\Game">
      <UniqueIdentifier>{dae9a0b7-d5c5-4569-bfcb-a51c25ab258c}</UniqueIdentifier>
    </Filter>
  </ItemGroup>
  <ItemGroup>
    <ClCompile Include="main.cpp">
      <Filter>win32</Filter>
    </ClCompile>
    <ClCompile Include="..\Classes\AppDelegate.cpp">
      <Filter>src</Filter>
    </ClCompile>
    <ClCompile Include="..\Classes\AssetManager.cpp">
      <Filter>src\Engine</Filter>
    </ClCompile>
    <ClCompile Include="..\Classes\BasicAnimation.cpp">
      <Filter>src\Engine</Filter>
    </ClCompile>
    <ClCompile Include="..\Classes\MemoryTracker\MemoryTracker.cpp">
      <Filter>src\Engine</Filter>
    </ClCompile>
    <ClCompile Include="..\Classes\SimpleMD5\SimpleMD5.cpp">
      <Filter>src\Engine</Filter>
    </ClCompile>
    <ClCompile Include="..\Classes\GameScene.cpp">
      <Filter>src</Filter>
    </ClCompile>
    <ClCompile Include="..\Classes\WinPattern.cpp">
      <Filter>src\Game</Filter>
    </ClCompile>
    <ClCompile Include="..\Classes\PatternList.cpp">
      <Filter>src\Game</Filter>
    </ClCompile>
    <ClCompile Include="..\Classes\LinkedList.cpp">
      <Filter>src\Engine</Filter>
    </ClCompile>
    <ClCompile Include="..\Classes\BingoPatterns.cpp">
      <Filter>src\Game</Filter>
    </ClCompile>
    <ClCompile Include="..\Classes\BingoGame.cpp">
      <Filter>src\Game</Filter>
    </ClCompile>
    <ClCompile Include="..\Classes\StateMachine.cpp">
      <Filter>src\Game</Filter>
    </ClCompile>
    <ClCompile Include="..\Classes\BingoGenerator.cpp">
      <Filter>src\Game</Filter>
    </ClCompile>
    <ClCompile Include="..\Classes\BallTypeData.cpp">
      <Filter>src\Game</Filter>
    </ClCompile>
    <ClCompile Include="..\Classes\GameDisplay.cpp">
      <Filter>src\Game</Filter>
    </ClCompile>
    <ClCompile Include="..\Classes\BingoCard.cpp">
      <Filter>src\Game</Filter>
    </ClCompile>
    <ClCompile Include="..\Classes\BingoMath.cpp">
      <Filter>src\Game</Filter>
    </ClCompile>
    <ClCompile Include="..\Classes\Paytable.cpp">
      <Filter>src\Game</Filter>
    </ClCompile>
    <ClCompile Include="..\Classes\CardTypeData.cpp">
      <Filter>src\Game</Filter>
    </ClCompile>
    <ClCompile Include="..\Classes\AssetLoadManager.cpp">
      <Filter>src\Engine</Filter>
    </ClCompile>
    <ClCompile Include="..\Classes\StringTools.cpp">
      <Filter>src\Engine</Filter>
    </ClCompile>
    <ClCompile Include="..\Classes\SpriteData.cpp">
      <Filter>src\Engine</Filter>
    </ClCompile>
    <ClCompile Include="..\Classes\ScreenObject.cpp">
      <Filter>src\Engine</Filter>
    </ClCompile>
    <ClCompile Include="..\Classes\SoundPlay.cpp">
      <Filter>src\Game</Filter>
    </ClCompile>
    <ClCompile Include="..\Classes\VideoPlay.cpp">
      <Filter>src\Game</Filter>
    </ClCompile>
    <ClCompile Include="..\Classes\ParticleInfo.cpp">
      <Filter>src\Engine</Filter>
    </ClCompile>
    <ClCompile Include="..\Classes\StaticHelpers.cpp">
      <Filter>src\Game</Filter>
    </ClCompile>
    <ClCompile Include="..\Classes\GameConfig.cpp">
      <Filter>src\Game</Filter>
    </ClCompile>
  </ItemGroup>
  <ItemGroup>
    <ClInclude Include="main.h">
      <Filter>win32</Filter>
    </ClInclude>
    <ClInclude Include="..\Classes\AppDelegate.h">
      <Filter>src</Filter>
    </ClInclude>
    <ClInclude Include="..\Classes\AssetManager.h">
      <Filter>src\Engine</Filter>
    </ClInclude>
    <ClInclude Include="..\Classes\BasicAnimation.h">
      <Filter>src\Engine</Filter>
    </ClInclude>
    <ClInclude Include="..\Classes\GlobalEnum.h">
      <Filter>src\Globals</Filter>
    </ClInclude>
    <ClInclude Include="..\Classes\Globals.h">
      <Filter>src\Globals</Filter>
    </ClInclude>
    <ClInclude Include="..\Classes\MemoryTracker\MemoryTracker.h">
      <Filter>src\Engine</Filter>
    </ClInclude>
    <ClInclude Include="..\Classes\SimpleMD5\SimpleMD5.h">
      <Filter>src\Engine</Filter>
    </ClInclude>
    <ClInclude Include="..\Classes\RapidXML\XMLWrapper.h">
      <Filter>src\Engine</Filter>
    </ClInclude>
    <ClInclude Include="..\Classes\GameScene.h">
      <Filter>src</Filter>
    </ClInclude>
    <ClInclude Include="..\Classes\WinPattern.h">
      <Filter>src\Game</Filter>
    </ClInclude>
    <ClInclude Include="..\Classes\PatternList.h">
      <Filter>src\Game</Filter>
    </ClInclude>
    <ClInclude Include="..\Classes\LinkedList.h">
      <Filter>src\Engine</Filter>
    </ClInclude>
    <ClInclude Include="..\Classes\BingoPatterns.h">
      <Filter>src\Game</Filter>
    </ClInclude>
    <ClInclude Include="..\Classes\BingoGame.h">
      <Filter>src\Game</Filter>
    </ClInclude>
    <ClInclude Include="..\Classes\StateMachine.h">
      <Filter>src\Game</Filter>
    </ClInclude>
    <ClInclude Include="..\Classes\BingoGenerator.h">
      <Filter>src\Game</Filter>
    </ClInclude>
    <ClInclude Include="..\Classes\BingoBall.h">
      <Filter>src\Game</Filter>
    </ClInclude>
    <ClInclude Include="..\Classes\BallTypeData.h">
      <Filter>src\Game</Filter>
    </ClInclude>
    <ClInclude Include="..\Classes\MultiplierPool.h">
      <Filter>src\Game</Filter>
    </ClInclude>
    <ClInclude Include="..\Classes\GameDisplay.h">
      <Filter>src\Game</Filter>
    </ClInclude>
    <ClInclude Include="..\Classes\BingoCard.h">
      <Filter>src\Game</Filter>
    </ClInclude>
    <ClInclude Include="..\Classes\BingoCardSquare.h">
      <Filter>src\Game</Filter>
    </ClInclude>
    <ClInclude Include="..\Classes\BingoMath.h">
      <Filter>src\Game</Filter>
    </ClInclude>
    <ClInclude Include="..\Classes\Win.h">
      <Filter>src\Game</Filter>
    </ClInclude>
    <ClInclude Include="..\Classes\Paytable.h">
      <Filter>src\Game</Filter>
    </ClInclude>
    <ClInclude Include="..\Classes\CardTypeData.h">
      <Filter>src\Game</Filter>
    </ClInclude>
    <ClInclude Include="..\Classes\GameConfig.h">
      <Filter>src\Game</Filter>
    </ClInclude>
    <ClInclude Include="..\Classes\AssetLoadManager.h">
      <Filter>src\Engine</Filter>
    </ClInclude>
    <ClInclude Include="..\Classes\ProgressiveSystem.h">
      <Filter>src\Game</Filter>
    </ClInclude>
    <ClInclude Include="..\Classes\StringTools.h">
      <Filter>src\Engine</Filter>
    </ClInclude>
    <ClInclude Include="..\Classes\SpriteData.h">
      <Filter>src\Engine</Filter>
    </ClInclude>
    <ClInclude Include="..\Classes\ScreenObject.h">
      <Filter>src\Engine</Filter>
    </ClInclude>
    <ClInclude Include="..\Classes\SoundPlay.h">
      <Filter>src\Game</Filter>
    </ClInclude>
    <ClInclude Include="..\Classes\VideoPlay.h">
      <Filter>src\Game</Filter>
    </ClInclude>
    <ClInclude Include="..\Classes\ParticleInfo.h">
      <Filter>src\Engine</Filter>
    </ClInclude>
    <ClInclude Include="..\Classes\StaticHelpers.h">
      <Filter>src\Game</Filter>
    </ClInclude>
    <ClInclude Include="..\Classes\Version.h">
      <Filter>src\Engine</Filter>
    </ClInclude>
  </ItemGroup>
  <ItemGroup>
    <ResourceCompile Include="game.rc">
      <Filter>resource</Filter>
    </ResourceCompile>
  </ItemGroup>
</Project>